
Microsoft Visual Studio Solution File, Format Version 12.00
# Visual Studio Version 16
VisualStudioVersion = 16.0.32228.343
MinimumVisualStudioVersion = 10.0.40219.1
Project("{9A19103F-16F7-4668-BE54-9A1E7A4F7556}") = "test uygulaması", "test uygulaması\test uygulaması.csproj", "{10860524-4A1C-4C03-981A-7360ACDEFA76}"
EndProject
Project("{FAE04EC0-301F-11D3-BF4B-00C04F79EFBC}") = "DataAcsess", "DataAcsess\DataAcsess.csproj", "{50820FC5-B2F1-4A7F-89FB-6DE060C2DF14}"
EndProject
Global
	GlobalSection(SolutionConfigurationPlatforms) = preSolution
		Debug|Any CPU = Debug|Any CPU
		Release|Any CPU = Release|Any CPU
	EndGlobalSection
	GlobalSection(ProjectConfigurationPlatforms) = postSolution
		{10860524-4A1C-4C03-981A-7360ACDEFA76}.Debug|Any CPU.ActiveCfg = Debug|Any CPU
		{10860524-4A1C-4C03-981A-7360ACDEFA76}.Debug|Any CPU.Build.0 = Debug|Any CPU
		{10860524-4A1C-4C03-981A-7360ACDEFA76}.Release|Any CPU.ActiveCfg = Release|Any CPU
		{10860524-4A1C-4C03-981A-7360ACDEFA76}.Release|Any CPU.Build.0 = Release|Any CPU
		{50820FC5-B2F1-4A7F-89FB-6DE060C2DF14}.Debug|Any CPU.ActiveCfg = Debug|Any CPU
		{50820FC5-B2F1-4A7F-89FB-6DE060C2DF14}.Debug|Any CPU.Build.0 = Debug|Any CPU
		{50820FC5-B2F1-4A7F-89FB-6DE060C2DF14}.Release|Any CPU.ActiveCfg = Release|Any CPU
		{50820FC5-B2F1-4A7F-89FB-6DE060C2DF14}.Release|Any CPU.Build.0 = Release|Any CPU
	EndGlobalSection
	GlobalSection(SolutionProperties) = preSolution
		HideSolutionNode = FALSE
	EndGlobalSection
	GlobalSection(ExtensibilityGlobals) = postSolution
		SolutionGuid = {464A90BE-F812-4A34-BB0F-7A76CD1F305D}
	EndGlobalSection
EndGlobal
